
Microsoft Visual Studio Solution File, Format Version 12.00
# Visual Studio 2013
VisualStudioVersion = 12.0.30110.0
MinimumVisualStudioVersion = 10.0.40219.1
Project("{FAE04EC0-301F-11D3-BF4B-00C04F79EFBC}") = "WebSite", "WebSite\WebSite.csproj", "{773C18EF-1A02-4CC9-A017-B12D8ECE113C}"
EndProject
Project("{FAE04EC0-301F-11D3-BF4B-00C04F79EFBC}") = "WebSite.Tests", "WebSite.Tests\WebSite.Tests.csproj", "{FEDE1F53-0ABA-443B-AD06-8D2F5CC30B66}"
EndProject
Project("{FAE04EC0-301F-11D3-BF4B-00C04F79EFBC}") = "Grunch.Core", "Grunch.Core\Grunch.Core.csproj", "{BB2572DF-0382-47BC-990D-DA195B4970FC}"
EndProject
Project("{FAE04EC0-301F-11D3-BF4B-00C04F79EFBC}") = "Grunch.Data", "Grunch.Data\Grunch.Data.csproj", "{EFE69269-7B99-4441-B90B-9579DBDFD721}"
EndProject
Global
	GlobalSection(SolutionConfigurationPlatforms) = preSolution
		Debug|Any CPU = Debug|Any CPU
		Release|Any CPU = Release|Any CPU
	EndGlobalSection
	GlobalSection(ProjectConfigurationPlatforms) = postSolution
		{773C18EF-1A02-4CC9-A017-B12D8ECE113C}.Debug|Any CPU.ActiveCfg = Debug|Any CPU
		{773C18EF-1A02-4CC9-A017-B12D8ECE113C}.Debug|Any CPU.Build.0 = Debug|Any CPU
		{773C18EF-1A02-4CC9-A017-B12D8ECE113C}.Release|Any CPU.ActiveCfg = Release|Any CPU
		{773C18EF-1A02-4CC9-A017-B12D8ECE113C}.Release|Any CPU.Build.0 = Release|Any CPU
		{FEDE1F53-0ABA-443B-AD06-8D2F5CC30B66}.Debug|Any CPU.ActiveCfg = Debug|Any CPU
		{FEDE1F53-0ABA-443B-AD06-8D2F5CC30B66}.Debug|Any CPU.Build.0 = Debug|Any CPU
		{FEDE1F53-0ABA-443B-AD06-8D2F5CC30B66}.Release|Any CPU.ActiveCfg = Release|Any CPU
		{FEDE1F53-0ABA-443B-AD06-8D2F5CC30B66}.Release|Any CPU.Build.0 = Release|Any CPU
		{BB2572DF-0382-47BC-990D-DA195B4970FC}.Debug|Any CPU.ActiveCfg = Debug|Any CPU
		{BB2572DF-0382-47BC-990D-DA195B4970FC}.Debug|Any CPU.Build.0 = Debug|Any CPU
		{BB2572DF-0382-47BC-990D-DA195B4970FC}.Release|Any CPU.ActiveCfg = Release|Any CPU
		{BB2572DF-0382-47BC-990D-DA195B4970FC}.Release|Any CPU.Build.0 = Release|Any CPU
		{EFE69269-7B99-4441-B90B-9579DBDFD721}.Debug|Any CPU.ActiveCfg = Debug|Any CPU
		{EFE69269-7B99-4441-B90B-9579DBDFD721}.Debug|Any CPU.Build.0 = Debug|Any CPU
		{EFE69269-7B99-4441-B90B-9579DBDFD721}.Release|Any CPU.ActiveCfg = Release|Any CPU
		{EFE69269-7B99-4441-B90B-9579DBDFD721}.Release|Any CPU.Build.0 = Release|Any CPU
	EndGlobalSection
	GlobalSection(SolutionProperties) = preSolution
		HideSolutionNode = FALSE
	EndGlobalSection
EndGlobal
